
Microsoft Visual Studio Solution File, Format Version 12.00
# Visual Studio 15
VisualStudioVersion = 15.0.27703.2047
MinimumVisualStudioVersion = 10.0.40219.1
Project("{FAE04EC0-301F-11D3-BF4B-00C04F79EFBC}") = "NovoDiretorio2ponto1", "NovoDiretorio2ponto1\NovoDiretorio2ponto1.csproj", "{5B3613BC-2EF8-475C-95F3-8823398ABDC6}"
EndProject
Global
	GlobalSection(SolutionConfigurationPlatforms) = preSolution
		Debug|Any CPU = Debug|Any CPU
		Release|Any CPU = Release|Any CPU
	EndGlobalSection
	GlobalSection(ProjectConfigurationPlatforms) = postSolution
		{5B3613BC-2EF8-475C-95F3-8823398ABDC6}.Debug|Any CPU.ActiveCfg = Debug|Any CPU
		{5B3613BC-2EF8-475C-95F3-8823398ABDC6}.Debug|Any CPU.Build.0 = Debug|Any CPU
		{5B3613BC-2EF8-475C-95F3-8823398ABDC6}.Release|Any CPU.ActiveCfg = Release|Any CPU
		{5B3613BC-2EF8-475C-95F3-8823398ABDC6}.Release|Any CPU.Build.0 = Release|Any CPU
	EndGlobalSection
	GlobalSection(SolutionProperties) = preSolution
		HideSolutionNode = FALSE
	EndGlobalSection
	GlobalSection(ExtensibilityGlobals) = postSolution
		SolutionGuid = {FC72EA4E-855A-46BE-963F-CD8EA3A8B35E}
	EndGlobalSection
EndGlobal
